
Microsoft Visual Studio Solution File, Format Version 12.00
# Visual Studio 15
VisualStudioVersion = 15.0.26923.0
MinimumVisualStudioVersion = 10.0.40219.1
Project("{FAE04EC0-301F-11D3-BF4B-00C04F79EFBC}") = "TabStrip.FormsPlugin.Abstractions", "src\TabStrip.FormsPlugin.Abstractions\TabStrip.FormsPlugin.Abstractions.csproj", "{14C534B6-1984-41A9-A384-D3A5508588E3}"
EndProject
Project("{FAE04EC0-301F-11D3-BF4B-00C04F79EFBC}") = "TabStrip.FormsPlugin.Android", "src\TabStrip.FormsPlugin.Android\TabStrip.FormsPlugin.Android.csproj", "{AD2D2DB4-E781-4CF1-9B62-3AAD264F196D}"
EndProject
Project("{FAE04EC0-301F-11D3-BF4B-00C04F79EFBC}") = "TabStrip.FormsPlugin.iOS", "src\TabStrip.FormsPlugin.iOS\TabStrip.FormsPlugin.iOS.csproj", "{D525F236-6A2D-4010-B1CC-4A4B8581C90B}"
EndProject
Project("{2150E333-8FDC-42A3-9474-1A3956D46DE8}") = "Sample", "Sample", "{6D18F213-0103-4DF5-B7BA-E5AE5A779FD3}"
EndProject
Project("{D954291E-2A0B-460D-934E-DC6B0785DB48}") = "TabStrip.Sample", "Sample\TabStrip.Sample\TabStrip.Sample.shproj", "{AF743065-D4AB-446E-9697-C982D23B59A2}"
EndProject
Project("{FAE04EC0-301F-11D3-BF4B-00C04F79EFBC}") = "TabStrip.Sample.iOS", "Sample\TabStrip.Sample.iOS\TabStrip.Sample.iOS.csproj", "{E92151B1-7F45-4D9B-8E0B-31C58DF15CC3}"
EndProject
Project("{FAE04EC0-301F-11D3-BF4B-00C04F79EFBC}") = "TabStrip.Sample.UWP", "Sample\TabStrip.Sample.UWP\TabStrip.Sample.UWP.csproj", "{2CD1960C-5B7B-4712-9AE9-4B2565E784EA}"
EndProject
Global
	GlobalSection(SharedMSBuildProjectFiles) = preSolution
		Sample\TabStrip.Sample\TabStrip.Sample.projitems*{2cd1960c-5b7b-4712-9ae9-4b2565e784ea}*SharedItemsImports = 4
		Sample\TabStrip.Sample\TabStrip.Sample.projitems*{af743065-d4ab-446e-9697-c982d23b59a2}*SharedItemsImports = 13
		Sample\TabStrip.Sample\TabStrip.Sample.projitems*{e92151b1-7f45-4d9b-8e0b-31c58df15cc3}*SharedItemsImports = 4
	EndGlobalSection
	GlobalSection(SolutionConfigurationPlatforms) = preSolution
		Ad-Hoc|Any CPU = Ad-Hoc|Any CPU
		Ad-Hoc|ARM = Ad-Hoc|ARM
		Ad-Hoc|iPhone = Ad-Hoc|iPhone
		Ad-Hoc|iPhoneSimulator = Ad-Hoc|iPhoneSimulator
		Ad-Hoc|x64 = Ad-Hoc|x64
		Ad-Hoc|x86 = Ad-Hoc|x86
		AppStore|Any CPU = AppStore|Any CPU
		AppStore|ARM = AppStore|ARM
		AppStore|iPhone = AppStore|iPhone
		AppStore|iPhoneSimulator = AppStore|iPhoneSimulator
		AppStore|x64 = AppStore|x64
		AppStore|x86 = AppStore|x86
		Debug|Any CPU = Debug|Any CPU
		Debug|ARM = Debug|ARM
		Debug|iPhone = Debug|iPhone
		Debug|iPhoneSimulator = Debug|iPhoneSimulator
		Debug|x64 = Debug|x64
		Debug|x86 = Debug|x86
		Release|Any CPU = Release|Any CPU
		Release|ARM = Release|ARM
		Release|iPhone = Release|iPhone
		Release|iPhoneSimulator = Release|iPhoneSimulator
		Release|x64 = Release|x64
		Release|x86 = Release|x86
	EndGlobalSection
	GlobalSection(ProjectConfigurationPlatforms) = postSolution
		{14C534B6-1984-41A9-A384-D3A5508588E3}.Ad-Hoc|Any CPU.ActiveCfg = Release|Any CPU
		{14C534B6-1984-41A9-A384-D3A5508588E3}.Ad-Hoc|Any CPU.Build.0 = Release|Any CPU
		{14C534B6-1984-41A9-A384-D3A5508588E3}.Ad-Hoc|ARM.ActiveCfg = Release|Any CPU
		{14C534B6-1984-41A9-A384-D3A5508588E3}.Ad-Hoc|ARM.Build.0 = Release|Any CPU
		{14C534B6-1984-41A9-A384-D3A5508588E3}.Ad-Hoc|iPhone.ActiveCfg = Release|Any CPU
		{14C534B6-1984-41A9-A384-D3A5508588E3}.Ad-Hoc|iPhone.Build.0 = Release|Any CPU
		{14C534B6-1984-41A9-A384-D3A5508588E3}.Ad-Hoc|iPhoneSimulator.ActiveCfg = Release|Any CPU
		{14C534B6-1984-41A9-A384-D3A5508588E3}.Ad-Hoc|iPhoneSimulator.Build.0 = Release|Any CPU
		{14C534B6-1984-41A9-A384-D3A5508588E3}.Ad-Hoc|x64.ActiveCfg = Release|Any CPU
		{14C534B6-1984-41A9-A384-D3A5508588E3}.Ad-Hoc|x64.Build.0 = Release|Any CPU
		{14C534B6-1984-41A9-A384-D3A5508588E3}.Ad-Hoc|x86.ActiveCfg = Release|Any CPU
		{14C534B6-1984-41A9-A384-D3A5508588E3}.Ad-Hoc|x86.Build.0 = Release|Any CPU
		{14C534B6-1984-41A9-A384-D3A5508588E3}.AppStore|Any CPU.ActiveCfg = Release|Any CPU
		{14C534B6-1984-41A9-A384-D3A5508588E3}.AppStore|Any CPU.Build.0 = Release|Any CPU
		{14C534B6-1984-41A9-A384-D3A5508588E3}.AppStore|ARM.ActiveCfg = Release|Any CPU
		{14C534B6-1984-41A9-A384-D3A5508588E3}.AppStore|ARM.Build.0 = Release|Any CPU
		{14C534B6-1984-41A9-A384-D3A5508588E3}.AppStore|iPhone.ActiveCfg = Release|Any CPU
		{14C534B6-1984-41A9-A384-D3A5508588E3}.AppStore|iPhone.Build.0 = Release|Any CPU
		{14C534B6-1984-41A9-A384-D3A5508588E3}.AppStore|iPhoneSimulator.ActiveCfg = Release|Any CPU
		{14C534B6-1984-41A9-A384-D3A5508588E3}.AppStore|iPhoneSimulator.Build.0 = Release|Any CPU
		{14C534B6-1984-41A9-A384-D3A5508588E3}.AppStore|x64.ActiveCfg = Release|Any CPU
		{14C534B6-1984-41A9-A384-D3A5508588E3}.AppStore|x64.Build.0 = Release|Any CPU
		{14C534B6-1984-41A9-A384-D3A5508588E3}.AppStore|x86.ActiveCfg = Release|Any CPU
		{14C534B6-1984-41A9-A384-D3A5508588E3}.AppStore|x86.Build.0 = Release|Any CPU
		{14C534B6-1984-41A9-A384-D3A5508588E3}.Debug|Any CPU.ActiveCfg = Debug|Any CPU
		{14C534B6-1984-41A9-A384-D3A5508588E3}.Debug|Any CPU.Build.0 = Debug|Any CPU
		{14C534B6-1984-41A9-A384-D3A5508588E3}.Debug|ARM.ActiveCfg = Debug|Any CPU
		{14C534B6-1984-41A9-A384-D3A5508588E3}.Debug|ARM.Build.0 = Debug|Any CPU
		{14C534B6-1984-41A9-A384-D3A5508588E3}.Debug|iPhone.ActiveCfg = Debug|Any CPU
		{14C534B6-1984-41A9-A384-D3A5508588E3}.Debug|iPhone.Build.0 = Debug|Any CPU
		{14C534B6-1984-41A9-A384-D3A5508588E3}.Debug|iPhoneSimulator.ActiveCfg = Debug|Any CPU
		{14C534B6-1984-41A9-A384-D3A5508588E3}.Debug|iPhoneSimulator.Build.0 = Debug|Any CPU
		{14C534B6-1984-41A9-A384-D3A5508588E3}.Debug|x64.ActiveCfg = Debug|Any CPU
		{14C534B6-1984-41A9-A384-D3A5508588E3}.Debug|x64.Build.0 = Debug|Any CPU
		{14C534B6-1984-41A9-A384-D3A5508588E3}.Debug|x86.ActiveCfg = Debug|Any CPU
		{14C534B6-1984-41A9-A384-D3A5508588E3}.Debug|x86.Build.0 = Debug|Any CPU
		{14C534B6-1984-41A9-A384-D3A5508588E3}.Release|Any CPU.ActiveCfg = Release|Any CPU
		{14C534B6-1984-41A9-A384-D3A5508588E3}.Release|Any CPU.Build.0 = Release|Any CPU
		{14C534B6-1984-41A9-A384-D3A5508588E3}.Release|ARM.ActiveCfg = Release|Any CPU
		{14C534B6-1984-41A9-A384-D3A5508588E3}.Release|ARM.Build.0 = Release|Any CPU
		{14C534B6-1984-41A9-A384-D3A5508588E3}.Release|iPhone.ActiveCfg = Release|Any CPU
		{14C534B6-1984-41A9-A384-D3A5508588E3}.Release|iPhone.Build.0 = Release|Any CPU
		{14C534B6-1984-41A9-A384-D3A5508588E3}.Release|iPhoneSimulator.ActiveCfg = Release|Any CPU
		{14C534B6-1984-41A9-A384-D3A5508588E3}.Release|iPhoneSimulator.Build.0 = Release|Any CPU
		{14C534B6-1984-41A9-A384-D3A5508588E3}.Release|x64.ActiveCfg = Release|Any CPU
		{14C534B6-1984-41A9-A384-D3A5508588E3}.Release|x64.Build.0 = Release|Any CPU
		{14C534B6-1984-41A9-A384-D3A5508588E3}.Release|x86.ActiveCfg = Release|Any CPU
		{14C534B6-1984-41A9-A384-D3A5508588E3}.Release|x86.Build.0 = Release|Any CPU
		{AD2D2DB4-E781-4CF1-9B62-3AAD264F196D}.Ad-Hoc|Any CPU.ActiveCfg = Release|Any CPU
		{AD2D2DB4-E781-4CF1-9B62-3AAD264F196D}.Ad-Hoc|Any CPU.Build.0 = Release|Any CPU
		{AD2D2DB4-E781-4CF1-9B62-3AAD264F196D}.Ad-Hoc|ARM.ActiveCfg = Release|Any CPU
		{AD2D2DB4-E781-4CF1-9B62-3AAD264F196D}.Ad-Hoc|ARM.Build.0 = Release|Any CPU
		{AD2D2DB4-E781-4CF1-9B62-3AAD264F196D}.Ad-Hoc|iPhone.ActiveCfg = Release|Any CPU
		{AD2D2DB4-E781-4CF1-9B62-3AAD264F196D}.Ad-Hoc|iPhone.Build.0 = Release|Any CPU
		{AD2D2DB4-E781-4CF1-9B62-3AAD264F196D}.Ad-Hoc|iPhoneSimulator.ActiveCfg = Release|Any CPU
		{AD2D2DB4-E781-4CF1-9B62-3AAD264F196D}.Ad-Hoc|iPhoneSimulator.Build.0 = Release|Any CPU
		{AD2D2DB4-E781-4CF1-9B62-3AAD264F196D}.Ad-Hoc|x64.ActiveCfg = Release|Any CPU
		{AD2D2DB4-E781-4CF1-9B62-3AAD264F196D}.Ad-Hoc|x64.Build.0 = Release|Any CPU
		{AD2D2DB4-E781-4CF1-9B62-3AAD264F196D}.Ad-Hoc|x86.ActiveCfg = Release|Any CPU
		{AD2D2DB4-E781-4CF1-9B62-3AAD264F196D}.Ad-Hoc|x86.Build.0 = Release|Any CPU
		{AD2D2DB4-E781-4CF1-9B62-3AAD264F196D}.AppStore|Any CPU.ActiveCfg = Release|Any CPU
		{AD2D2DB4-E781-4CF1-9B62-3AAD264F196D}.AppStore|Any CPU.Build.0 = Release|Any CPU
		{AD2D2DB4-E781-4CF1-9B62-3AAD264F196D}.AppStore|ARM.ActiveCfg = Release|Any CPU
		{AD2D2DB4-E781-4CF1-9B62-3AAD264F196D}.AppStore|ARM.Build.0 = Release|Any CPU
		{AD2D2DB4-E781-4CF1-9B62-3AAD264F196D}.AppStore|iPhone.ActiveCfg = Release|Any CPU
		{AD2D2DB4-E781-4CF1-9B62-3AAD264F196D}.AppStore|iPhone.Build.0 = Release|Any CPU
		{AD2D2DB4-E781-4CF1-9B62-3AAD264F196D}.AppStore|iPhoneSimulator.ActiveCfg = Release|Any CPU
		{AD2D2DB4-E781-4CF1-9B62-3AAD264F196D}.AppStore|iPhoneSimulator.Build.0 = Release|Any CPU
		{AD2D2DB4-E781-4CF1-9B62-3AAD264F196D}.AppStore|x64.ActiveCfg = Release|Any CPU
		{AD2D2DB4-E781-4CF1-9B62-3AAD264F196D}.AppStore|x64.Build.0 = Release|Any CPU
		{AD2D2DB4-E781-4CF1-9B62-3AAD264F196D}.AppStore|x86.ActiveCfg = Release|Any CPU
		{AD2D2DB4-E781-4CF1-9B62-3AAD264F196D}.AppStore|x86.Build.0 = Release|Any CPU
		{AD2D2DB4-E781-4CF1-9B62-3AAD264F196D}.Debug|Any CPU.ActiveCfg = Debug|Any CPU
		{AD2D2DB4-E781-4CF1-9B62-3AAD264F196D}.Debug|Any CPU.Build.0 = Debug|Any CPU
		{AD2D2DB4-E781-4CF1-9B62-3AAD264F196D}.Debug|ARM.ActiveCfg = Debug|Any CPU
		{AD2D2DB4-E781-4CF1-9B62-3AAD264F196D}.Debug|ARM.Build.0 = Debug|Any CPU
		{AD2D2DB4-E781-4CF1-9B62-3AAD264F196D}.Debug|iPhone.ActiveCfg = Debug|Any CPU
		{AD2D2DB4-E781-4CF1-9B62-3AAD264F196D}.Debug|iPhone.Build.0 = Debug|Any CPU
		{AD2D2DB4-E781-4CF1-9B62-3AAD264F196D}.Debug|iPhoneSimulator.ActiveCfg = Debug|Any CPU
		{AD2D2DB4-E781-4CF1-9B62-3AAD264F196D}.Debug|iPhoneSimulator.Build.0 = Debug|Any CPU
		{AD2D2DB4-E781-4CF1-9B62-3AAD264F196D}.Debug|x64.ActiveCfg = Debug|Any CPU
		{AD2D2DB4-E781-4CF1-9B62-3AAD264F196D}.Debug|x64.Build.0 = Debug|Any CPU
		{AD2D2DB4-E781-4CF1-9B62-3AAD264F196D}.Debug|x86.ActiveCfg = Debug|Any CPU
		{AD2D2DB4-E781-4CF1-9B62-3AAD264F196D}.Debug|x86.Build.0 = Debug|Any CPU
		{AD2D2DB4-E781-4CF1-9B62-3AAD264F196D}.Release|Any CPU.ActiveCfg = Release|Any CPU
		{AD2D2DB4-E781-4CF1-9B62-3AAD264F196D}.Release|Any CPU.Build.0 = Release|Any CPU
		{AD2D2DB4-E781-4CF1-9B62-3AAD264F196D}.Release|ARM.ActiveCfg = Release|Any CPU
		{AD2D2DB4-E781-4CF1-9B62-3AAD264F196D}.Release|ARM.Build.0 = Release|Any CPU
		{AD2D2DB4-E781-4CF1-9B62-3AAD264F196D}.Release|iPhone.ActiveCfg = Release|Any CPU
		{AD2D2DB4-E781-4CF1-9B62-3AAD264F196D}.Release|iPhone.Build.0 = Release|Any CPU
		{AD2D2DB4-E781-4CF1-9B62-3AAD264F196D}.Release|iPhoneSimulator.ActiveCfg = Release|Any CPU
		{AD2D2DB4-E781-4CF1-9B62-3AAD264F196D}.Release|iPhoneSimulator.Build.0 = Release|Any CPU
		{AD2D2DB4-E781-4CF1-9B62-3AAD264F196D}.Release|x64.ActiveCfg = Release|Any CPU
		{AD2D2DB4-E781-4CF1-9B62-3AAD264F196D}.Release|x64.Build.0 = Release|Any CPU
		{AD2D2DB4-E781-4CF1-9B62-3AAD264F196D}.Release|x86.ActiveCfg = Release|Any CPU
		{AD2D2DB4-E781-4CF1-9B62-3AAD264F196D}.Release|x86.Build.0 = Release|Any CPU
		{D525F236-6A2D-4010-B1CC-4A4B8581C90B}.Ad-Hoc|Any CPU.ActiveCfg = Release|Any CPU
		{D525F236-6A2D-4010-B1CC-4A4B8581C90B}.Ad-Hoc|Any CPU.Build.0 = Release|Any CPU
		{D525F236-6A2D-4010-B1CC-4A4B8581C90B}.Ad-Hoc|ARM.ActiveCfg = Release|Any CPU
		{D525F236-6A2D-4010-B1CC-4A4B8581C90B}.Ad-Hoc|ARM.Build.0 = Release|Any CPU
		{D525F236-6A2D-4010-B1CC-4A4B8581C90B}.Ad-Hoc|iPhone.ActiveCfg = Release|Any CPU
		{D525F236-6A2D-4010-B1CC-4A4B8581C90B}.Ad-Hoc|iPhone.Build.0 = Release|Any CPU
		{D525F236-6A2D-4010-B1CC-4A4B8581C90B}.Ad-Hoc|iPhoneSimulator.ActiveCfg = Release|Any CPU
		{D525F236-6A2D-4010-B1CC-4A4B8581C90B}.Ad-Hoc|iPhoneSimulator.Build.0 = Release|Any CPU
		{D525F236-6A2D-4010-B1CC-4A4B8581C90B}.Ad-Hoc|x64.ActiveCfg = Release|Any CPU
		{D525F236-6A2D-4010-B1CC-4A4B8581C90B}.Ad-Hoc|x64.Build.0 = Release|Any CPU
		{D525F236-6A2D-4010-B1CC-4A4B8581C90B}.Ad-Hoc|x86.ActiveCfg = Release|Any CPU
		{D525F236-6A2D-4010-B1CC-4A4B8581C90B}.Ad-Hoc|x86.Build.0 = Release|Any CPU
		{D525F236-6A2D-4010-B1CC-4A4B8581C90B}.AppStore|Any CPU.ActiveCfg = Release|Any CPU
		{D525F236-6A2D-4010-B1CC-4A4B8581C90B}.AppStore|Any CPU.Build.0 = Release|Any CPU
		{D525F236-6A2D-4010-B1CC-4A4B8581C90B}.AppStore|ARM.ActiveCfg = Release|Any CPU
		{D525F236-6A2D-4010-B1CC-4A4B8581C90B}.AppStore|ARM.Build.0 = Release|Any CPU
		{D525F236-6A2D-4010-B1CC-4A4B8581C90B}.AppStore|iPhone.ActiveCfg = Release|Any CPU
		{D525F236-6A2D-4010-B1CC-4A4B8581C90B}.AppStore|iPhone.Build.0 = Release|Any CPU
		{D525F236-6A2D-4010-B1CC-4A4B8581C90B}.AppStore|iPhoneSimulator.ActiveCfg = Release|Any CPU
		{D525F236-6A2D-4010-B1CC-4A4B8581C90B}.AppStore|iPhoneSimulator.Build.0 = Release|Any CPU
		{D525F236-6A2D-4010-B1CC-4A4B8581C90B}.AppStore|x64.ActiveCfg = Release|Any CPU
		{D525F236-6A2D-4010-B1CC-4A4B8581C90B}.AppStore|x64.Build.0 = Release|Any CPU
		{D525F236-6A2D-4010-B1CC-4A4B8581C90B}.AppStore|x86.ActiveCfg = Release|Any CPU
		{D525F236-6A2D-4010-B1CC-4A4B8581C90B}.AppStore|x86.Build.0 = Release|Any CPU
		{D525F236-6A2D-4010-B1CC-4A4B8581C90B}.Debug|Any CPU.ActiveCfg = Debug|Any CPU
		{D525F236-6A2D-4010-B1CC-4A4B8581C90B}.Debug|Any CPU.Build.0 = Debug|Any CPU
		{D525F236-6A2D-4010-B1CC-4A4B8581C90B}.Debug|ARM.ActiveCfg = Debug|Any CPU
		{D525F236-6A2D-4010-B1CC-4A4B8581C90B}.Debug|ARM.Build.0 = Debug|Any CPU
		{D525F236-6A2D-4010-B1CC-4A4B8581C90B}.Debug|iPhone.ActiveCfg = Debug|Any CPU
		{D525F236-6A2D-4010-B1CC-4A4B8581C90B}.Debug|iPhone.Build.0 = Debug|Any CPU
		{D525F236-6A2D-4010-B1CC-4A4B8581C90B}.Debug|iPhoneSimulator.ActiveCfg = Debug|Any CPU
		{D525F236-6A2D-4010-B1CC-4A4B8581C90B}.Debug|iPhoneSimulator.Build.0 = Debug|Any CPU
		{D525F236-6A2D-4010-B1CC-4A4B8581C90B}.Debug|x64.ActiveCfg = Debug|Any CPU
		{D525F236-6A2D-4010-B1CC-4A4B8581C90B}.Debug|x64.Build.0 = Debug|Any CPU
		{D525F236-6A2D-4010-B1CC-4A4B8581C90B}.Debug|x86.ActiveCfg = Debug|Any CPU
		{D525F236-6A2D-4010-B1CC-4A4B8581C90B}.Debug|x86.Build.0 = Debug|Any CPU
		{D525F236-6A2D-4010-B1CC-4A4B8581C90B}.Release|Any CPU.ActiveCfg = Release|Any CPU
		{D525F236-6A2D-4010-B1CC-4A4B8581C90B}.Release|Any CPU.Build.0 = Release|Any CPU
		{D525F236-6A2D-4010-B1CC-4A4B8581C90B}.Release|ARM.ActiveCfg = Release|Any CPU
		{D525F236-6A2D-4010-B1CC-4A4B8581C90B}.Release|ARM.Build.0 = Release|Any CPU
		{D525F236-6A2D-4010-B1CC-4A4B8581C90B}.Release|iPhone.ActiveCfg = Release|Any CPU
		{D525F236-6A2D-4010-B1CC-4A4B8581C90B}.Release|iPhone.Build.0 = Release|Any CPU
		{D525F236-6A2D-4010-B1CC-4A4B8581C90B}.Release|iPhoneSimulator.ActiveCfg = Release|Any CPU
		{D525F236-6A2D-4010-B1CC-4A4B8581C90B}.Release|iPhoneSimulator.Build.0 = Release|Any CPU
		{D525F236-6A2D-4010-B1CC-4A4B8581C90B}.Release|x64.ActiveCfg = Release|Any CPU
		{D525F236-6A2D-4010-B1CC-4A4B8581C90B}.Release|x64.Build.0 = Release|Any CPU
		{D525F236-6A2D-4010-B1CC-4A4B8581C90B}.Release|x86.ActiveCfg = Release|Any CPU
		{D525F236-6A2D-4010-B1CC-4A4B8581C90B}.Release|x86.Build.0 = Release|Any CPU
		{E92151B1-7F45-4D9B-8E0B-31C58DF15CC3}.Ad-Hoc|Any CPU.ActiveCfg = Ad-Hoc|iPhone
		{E92151B1-7F45-4D9B-8E0B-31C58DF15CC3}.Ad-Hoc|ARM.ActiveCfg = Ad-Hoc|iPhone
		{E92151B1-7F45-4D9B-8E0B-31C58DF15CC3}.Ad-Hoc|iPhone.ActiveCfg = Ad-Hoc|iPhone
		{E92151B1-7F45-4D9B-8E0B-31C58DF15CC3}.Ad-Hoc|iPhone.Build.0 = Ad-Hoc|iPhone
		{E92151B1-7F45-4D9B-8E0B-31C58DF15CC3}.Ad-Hoc|iPhoneSimulator.ActiveCfg = Ad-Hoc|iPhoneSimulator
		{E92151B1-7F45-4D9B-8E0B-31C58DF15CC3}.Ad-Hoc|iPhoneSimulator.Build.0 = Ad-Hoc|iPhoneSimulator
		{E92151B1-7F45-4D9B-8E0B-31C58DF15CC3}.Ad-Hoc|x64.ActiveCfg = Ad-Hoc|iPhone
		{E92151B1-7F45-4D9B-8E0B-31C58DF15CC3}.Ad-Hoc|x86.ActiveCfg = Ad-Hoc|iPhone
		{E92151B1-7F45-4D9B-8E0B-31C58DF15CC3}.AppStore|Any CPU.ActiveCfg = AppStore|iPhone
		{E92151B1-7F45-4D9B-8E0B-31C58DF15CC3}.AppStore|ARM.ActiveCfg = AppStore|iPhone
		{E92151B1-7F45-4D9B-8E0B-31C58DF15CC3}.AppStore|iPhone.ActiveCfg = AppStore|iPhone
		{E92151B1-7F45-4D9B-8E0B-31C58DF15CC3}.AppStore|iPhone.Build.0 = AppStore|iPhone
		{E92151B1-7F45-4D9B-8E0B-31C58DF15CC3}.AppStore|iPhoneSimulator.ActiveCfg = AppStore|iPhoneSimulator
		{E92151B1-7F45-4D9B-8E0B-31C58DF15CC3}.AppStore|iPhoneSimulator.Build.0 = AppStore|iPhoneSimulator
		{E92151B1-7F45-4D9B-8E0B-31C58DF15CC3}.AppStore|x64.ActiveCfg = AppStore|iPhone
		{E92151B1-7F45-4D9B-8E0B-31C58DF15CC3}.AppStore|x86.ActiveCfg = AppStore|iPhone
		{E92151B1-7F45-4D9B-8E0B-31C58DF15CC3}.Debug|Any CPU.ActiveCfg = Debug|iPhone
		{E92151B1-7F45-4D9B-8E0B-31C58DF15CC3}.Debug|ARM.ActiveCfg = Debug|iPhone
		{E92151B1-7F45-4D9B-8E0B-31C58DF15CC3}.Debug|iPhone.ActiveCfg = Debug|iPhone
		{E92151B1-7F45-4D9B-8E0B-31C58DF15CC3}.Debug|iPhone.Build.0 = Debug|iPhone
		{E92151B1-7F45-4D9B-8E0B-31C58DF15CC3}.Debug|iPhoneSimulator.ActiveCfg = Debug|iPhoneSimulator
		{E92151B1-7F45-4D9B-8E0B-31C58DF15CC3}.Debug|iPhoneSimulator.Build.0 = Debug|iPhoneSimulator
		{E92151B1-7F45-4D9B-8E0B-31C58DF15CC3}.Debug|x64.ActiveCfg = Debug|iPhone
		{E92151B1-7F45-4D9B-8E0B-31C58DF15CC3}.Debug|x86.ActiveCfg = Debug|iPhone
		{E92151B1-7F45-4D9B-8E0B-31C58DF15CC3}.Release|Any CPU.ActiveCfg = Release|iPhone
		{E92151B1-7F45-4D9B-8E0B-31C58DF15CC3}.Release|ARM.ActiveCfg = Release|iPhone
		{E92151B1-7F45-4D9B-8E0B-31C58DF15CC3}.Release|iPhone.ActiveCfg = Release|iPhone
		{E92151B1-7F45-4D9B-8E0B-31C58DF15CC3}.Release|iPhone.Build.0 = Release|iPhone
		{E92151B1-7F45-4D9B-8E0B-31C58DF15CC3}.Release|iPhoneSimulator.ActiveCfg = Release|iPhoneSimulator
		{E92151B1-7F45-4D9B-8E0B-31C58DF15CC3}.Release|iPhoneSimulator.Build.0 = Release|iPhoneSimulator
		{E92151B1-7F45-4D9B-8E0B-31C58DF15CC3}.Release|x64.ActiveCfg = Release|iPhone
		{E92151B1-7F45-4D9B-8E0B-31C58DF15CC3}.Release|x86.ActiveCfg = Release|iPhone
		{2CD1960C-5B7B-4712-9AE9-4B2565E784EA}.Ad-Hoc|Any CPU.ActiveCfg = Release|x86
		{2CD1960C-5B7B-4712-9AE9-4B2565E784EA}.Ad-Hoc|Any CPU.Build.0 = Release|x86
		{2CD1960C-5B7B-4712-9AE9-4B2565E784EA}.Ad-Hoc|Any CPU.Deploy.0 = Release|x86
		{2CD1960C-5B7B-4712-9AE9-4B2565E784EA}.Ad-Hoc|ARM.ActiveCfg = Release|ARM
		{2CD1960C-5B7B-4712-9AE9-4B2565E784EA}.Ad-Hoc|ARM.Build.0 = Release|ARM
		{2CD1960C-5B7B-4712-9AE9-4B2565E784EA}.Ad-Hoc|ARM.Deploy.0 = Release|ARM
		{2CD1960C-5B7B-4712-9AE9-4B2565E784EA}.Ad-Hoc|iPhone.ActiveCfg = Release|x86
		{2CD1960C-5B7B-4712-9AE9-4B2565E784EA}.Ad-Hoc|iPhone.Build.0 = Release|x86
		{2CD1960C-5B7B-4712-9AE9-4B2565E784EA}.Ad-Hoc|iPhone.Deploy.0 = Release|x86
		{2CD1960C-5B7B-4712-9AE9-4B2565E784EA}.Ad-Hoc|iPhoneSimulator.ActiveCfg = Release|x86
		{2CD1960C-5B7B-4712-9AE9-4B2565E784EA}.Ad-Hoc|iPhoneSimulator.Build.0 = Release|x86
		{2CD1960C-5B7B-4712-9AE9-4B2565E784EA}.Ad-Hoc|iPhoneSimulator.Deploy.0 = Release|x86
		{2CD1960C-5B7B-4712-9AE9-4B2565E784EA}.Ad-Hoc|x64.ActiveCfg = Release|x64
		{2CD1960C-5B7B-4712-9AE9-4B2565E784EA}.Ad-Hoc|x64.Build.0 = Release|x64
		{2CD1960C-5B7B-4712-9AE9-4B2565E784EA}.Ad-Hoc|x64.Deploy.0 = Release|x64
		{2CD1960C-5B7B-4712-9AE9-4B2565E784EA}.Ad-Hoc|x86.ActiveCfg = Release|x86
		{2CD1960C-5B7B-4712-9AE9-4B2565E784EA}.Ad-Hoc|x86.Build.0 = Release|x86
		{2CD1960C-5B7B-4712-9AE9-4B2565E784EA}.Ad-Hoc|x86.Deploy.0 = Release|x86
		{2CD1960C-5B7B-4712-9AE9-4B2565E784EA}.AppStore|Any CPU.ActiveCfg = Release|x86
		{2CD1960C-5B7B-4712-9AE9-4B2565E784EA}.AppStore|Any CPU.Build.0 = Release|x86
		{2CD1960C-5B7B-4712-9AE9-4B2565E784EA}.AppStore|Any CPU.Deploy.0 = Release|x86
		{2CD1960C-5B7B-4712-9AE9-4B2565E784EA}.AppStore|ARM.ActiveCfg = Release|ARM
		{2CD1960C-5B7B-4712-9AE9-4B2565E784EA}.AppStore|ARM.Build.0 = Release|ARM
		{2CD1960C-5B7B-4712-9AE9-4B2565E784EA}.AppStore|ARM.Deploy.0 = Release|ARM
		{2CD1960C-5B7B-4712-9AE9-4B2565E784EA}.AppStore|iPhone.ActiveCfg = Release|x86
		{2CD1960C-5B7B-4712-9AE9-4B2565E784EA}.AppStore|iPhone.Build.0 = Release|x86
		{2CD1960C-5B7B-4712-9AE9-4B2565E784EA}.AppStore|iPhone.Deploy.0 = Release|x86
		{2CD1960C-5B7B-4712-9AE9-4B2565E784EA}.AppStore|iPhoneSimulator.ActiveCfg = Release|x86
		{2CD1960C-5B7B-4712-9AE9-4B2565E784EA}.AppStore|iPhoneSimulator.Build.0 = Release|x86
		{2CD1960C-5B7B-4712-9AE9-4B2565E784EA}.AppStore|iPhoneSimulator.Deploy.0 = Release|x86
		{2CD1960C-5B7B-4712-9AE9-4B2565E784EA}.AppStore|x64.ActiveCfg = Release|x64
		{2CD1960C-5B7B-4712-9AE9-4B2565E784EA}.AppStore|x64.Build.0 = Release|x64
		{2CD1960C-5B7B-4712-9AE9-4B2565E784EA}.AppStore|x64.Deploy.0 = Release|x64
		{2CD1960C-5B7B-4712-9AE9-4B2565E784EA}.AppStore|x86.ActiveCfg = Release|x86
		{2CD1960C-5B7B-4712-9AE9-4B2565E784EA}.AppStore|x86.Build.0 = Release|x86
		{2CD1960C-5B7B-4712-9AE9-4B2565E784EA}.AppStore|x86.Deploy.0 = Release|x86
		{2CD1960C-5B7B-4712-9AE9-4B2565E784EA}.Debug|Any CPU.ActiveCfg = Debug|x86
		{2CD1960C-5B7B-4712-9AE9-4B2565E784EA}.Debug|ARM.ActiveCfg = Debug|ARM
		{2CD1960C-5B7B-4712-9AE9-4B2565E784EA}.Debug|ARM.Build.0 = Debug|ARM
		{2CD1960C-5B7B-4712-9AE9-4B2565E784EA}.Debug|ARM.Deploy.0 = Debug|ARM
		{2CD1960C-5B7B-4712-9AE9-4B2565E784EA}.Debug|iPhone.ActiveCfg = Debug|x86
		{2CD1960C-5B7B-4712-9AE9-4B2565E784EA}.Debug|iPhoneSimulator.ActiveCfg = Debug|x86
		{2CD1960C-5B7B-4712-9AE9-4B2565E784EA}.Debug|x64.ActiveCfg = Debug|x64
		{2CD1960C-5B7B-4712-9AE9-4B2565E784EA}.Debug|x64.Build.0 = Debug|x64
		{2CD1960C-5B7B-4712-9AE9-4B2565E784EA}.Debug|x64.Deploy.0 = Debug|x64
		{2CD1960C-5B7B-4712-9AE9-4B2565E784EA}.Debug|x86.ActiveCfg = Debug|x86
		{2CD1960C-5B7B-4712-9AE9-4B2565E784EA}.Debug|x86.Build.0 = Debug|x86
		{2CD1960C-5B7B-4712-9AE9-4B2565E784EA}.Debug|x86.Deploy.0 = Debug|x86
		{2CD1960C-5B7B-4712-9AE9-4B2565E784EA}.Release|Any CPU.ActiveCfg = Release|x86
		{2CD1960C-5B7B-4712-9AE9-4B2565E784EA}.Release|ARM.ActiveCfg = Release|ARM
		{2CD1960C-5B7B-4712-9AE9-4B2565E784EA}.Release|ARM.Build.0 = Release|ARM
		{2CD1960C-5B7B-4712-9AE9-4B2565E784EA}.Release|ARM.Deploy.0 = Release|ARM
		{2CD1960C-5B7B-4712-9AE9-4B2565E784EA}.Release|iPhone.ActiveCfg = Release|x86
		{2CD1960C-5B7B-4712-9AE9-4B2565E784EA}.Release|iPhoneSimulator.ActiveCfg = Release|x86
		{2CD1960C-5B7B-4712-9AE9-4B2565E784EA}.Release|x64.ActiveCfg = Release|x64
		{2CD1960C-5B7B-4712-9AE9-4B2565E784EA}.Release|x64.Build.0 = Release|x64
		{2CD1960C-5B7B-4712-9AE9-4B2565E784EA}.Release|x64.Deploy.0 = Release|x64
		{2CD1960C-5B7B-4712-9AE9-4B2565E784EA}.Release|x86.ActiveCfg = Release|x86
		{2CD1960C-5B7B-4712-9AE9-4B2565E784EA}.Release|x86.Build.0 = Release|x86
		{2CD1960C-5B7B-4712-9AE9-4B2565E784EA}.Release|x86.Deploy.0 = Release|x86
	EndGlobalSection
	GlobalSection(SolutionProperties) = preSolution
		HideSolutionNode = FALSE
	EndGlobalSection
	GlobalSection(NestedProjects) = preSolution
		{AF743065-D4AB-446E-9697-C982D23B59A2} = {6D18F213-0103-4DF5-B7BA-E5AE5A779FD3}
		{E92151B1-7F45-4D9B-8E0B-31C58DF15CC3} = {6D18F213-0103-4DF5-B7BA-E5AE5A779FD3}
		{2CD1960C-5B7B-4712-9AE9-4B2565E784EA} = {6D18F213-0103-4DF5-B7BA-E5AE5A779FD3}
	EndGlobalSection
	GlobalSection(ExtensibilityGlobals) = postSolution
		SolutionGuid = {C7C84EA6-F888-463A-8343-AF46E42C4F4E}
	EndGlobalSection
EndGlobal
